
Microsoft Visual Studio Solution File, Format Version 12.00
# Visual Studio Version 16
VisualStudioVersion = 16.0.30803.129
MinimumVisualStudioVersion = 10.0.40219.1
Project("{FAE04EC0-301F-11D3-BF4B-00C04F79EFBC}") = "GetSystemStatusCMD", "GetSystemStatus\GetSystemStatusCMD.csproj", "{D4BBCF56-A91B-4808-BD92-AE1CA82B5CB2}"
EndProject
Project("{FAE04EC0-301F-11D3-BF4B-00C04F79EFBC}") = "Test", "Test\Test.csproj", "{1B0A5AA8-0EA2-493E-9B9A-381D1A0F9972}"
EndProject
Project("{FAE04EC0-301F-11D3-BF4B-00C04F79EFBC}") = "GetSystemStatusGUI", "GetSystemStatusGUI\GetSystemStatusGUI.csproj", "{49E2D21A-165E-40B1-B618-923D04CC63F0}"
EndProject
Project("{2150E333-8FDC-42A3-9474-1A3956D46DE8}") = "Solution Items", "Solution Items", "{61AE70AA-63A5-4E21-A615-1C331D992341}"
	ProjectSection(SolutionItems) = preProject
		.editorconfig = .editorconfig
	EndProjectSection
EndProject
Project("{FAE04EC0-301F-11D3-BF4B-00C04F79EFBC}") = "TestGUI", "TestGUI\TestGUI.csproj", "{A9B2A4B9-6475-4200-911F-AE9D5E317B06}"
EndProject
Project("{FAE04EC0-301F-11D3-BF4B-00C04F79EFBC}") = "GetSystemStatusWeb", "GetSystemStatusWeb\GetSystemStatusWeb.csproj", "{1BB7A0DD-FA44-4AB4-B9EB-352DE6C54939}"
EndProject
Project("{8BC9CEB8-8B4A-11D0-8D11-00A0C91BC942}") = "Test-GetGPUMemory", "Test-GetGPUMemory\Test-GetGPUMemory.vcxproj", "{B5801AAF-EA91-404C-BDC9-5D75389DA5C4}"
EndProject
Project("{8BC9CEB8-8B4A-11D0-8D11-00A0C91BC942}") = "GetNVGPUMemoryDLL", "GetNVGPUMemoryDLL\GetNVGPUMemoryDLL.vcxproj", "{AB2A39DF-B3EC-4F9C-9D70-89AAD352A8DE}"
EndProject
Project("{8BC9CEB8-8B4A-11D0-8D11-00A0C91BC942}") = "GetGPUInfoDXDLL", "GetGPUInfoDXDLL\GetGPUInfoDXDLL.vcxproj", "{625880DA-4C30-497A-B4D3-033F67614E8C}"
EndProject
Global
	GlobalSection(SolutionConfigurationPlatforms) = preSolution
		Debug|Any CPU = Debug|Any CPU
		Debug|x64 = Debug|x64
		Debug|x86 = Debug|x86
		Release|Any CPU = Release|Any CPU
		Release|x64 = Release|x64
		Release|x86 = Release|x86
	EndGlobalSection
	GlobalSection(ProjectConfigurationPlatforms) = postSolution
		{D4BBCF56-A91B-4808-BD92-AE1CA82B5CB2}.Debug|Any CPU.ActiveCfg = Debug|Any CPU
		{D4BBCF56-A91B-4808-BD92-AE1CA82B5CB2}.Debug|Any CPU.Build.0 = Debug|Any CPU
		{D4BBCF56-A91B-4808-BD92-AE1CA82B5CB2}.Debug|x64.ActiveCfg = Debug|Any CPU
		{D4BBCF56-A91B-4808-BD92-AE1CA82B5CB2}.Debug|x64.Build.0 = Debug|Any CPU
		{D4BBCF56-A91B-4808-BD92-AE1CA82B5CB2}.Debug|x86.ActiveCfg = Debug|Any CPU
		{D4BBCF56-A91B-4808-BD92-AE1CA82B5CB2}.Debug|x86.Build.0 = Debug|Any CPU
		{D4BBCF56-A91B-4808-BD92-AE1CA82B5CB2}.Release|Any CPU.ActiveCfg = Release|Any CPU
		{D4BBCF56-A91B-4808-BD92-AE1CA82B5CB2}.Release|Any CPU.Build.0 = Release|Any CPU
		{D4BBCF56-A91B-4808-BD92-AE1CA82B5CB2}.Release|x64.ActiveCfg = Release|Any CPU
		{D4BBCF56-A91B-4808-BD92-AE1CA82B5CB2}.Release|x64.Build.0 = Release|Any CPU
		{D4BBCF56-A91B-4808-BD92-AE1CA82B5CB2}.Release|x86.ActiveCfg = Release|Any CPU
		{D4BBCF56-A91B-4808-BD92-AE1CA82B5CB2}.Release|x86.Build.0 = Release|Any CPU
		{1B0A5AA8-0EA2-493E-9B9A-381D1A0F9972}.Debug|Any CPU.ActiveCfg = Debug|Any CPU
		{1B0A5AA8-0EA2-493E-9B9A-381D1A0F9972}.Debug|Any CPU.Build.0 = Debug|Any CPU
		{1B0A5AA8-0EA2-493E-9B9A-381D1A0F9972}.Debug|x64.ActiveCfg = Debug|Any CPU
		{1B0A5AA8-0EA2-493E-9B9A-381D1A0F9972}.Debug|x64.Build.0 = Debug|Any CPU
		{1B0A5AA8-0EA2-493E-9B9A-381D1A0F9972}.Debug|x86.ActiveCfg = Debug|Any CPU
		{1B0A5AA8-0EA2-493E-9B9A-381D1A0F9972}.Debug|x86.Build.0 = Debug|Any CPU
		{1B0A5AA8-0EA2-493E-9B9A-381D1A0F9972}.Release|Any CPU.ActiveCfg = Release|Any CPU
		{1B0A5AA8-0EA2-493E-9B9A-381D1A0F9972}.Release|Any CPU.Build.0 = Release|Any CPU
		{1B0A5AA8-0EA2-493E-9B9A-381D1A0F9972}.Release|x64.ActiveCfg = Release|Any CPU
		{1B0A5AA8-0EA2-493E-9B9A-381D1A0F9972}.Release|x64.Build.0 = Release|Any CPU
		{1B0A5AA8-0EA2-493E-9B9A-381D1A0F9972}.Release|x86.ActiveCfg = Release|Any CPU
		{1B0A5AA8-0EA2-493E-9B9A-381D1A0F9972}.Release|x86.Build.0 = Release|Any CPU
		{49E2D21A-165E-40B1-B618-923D04CC63F0}.Debug|Any CPU.ActiveCfg = Debug|Any CPU
		{49E2D21A-165E-40B1-B618-923D04CC63F0}.Debug|Any CPU.Build.0 = Debug|Any CPU
		{49E2D21A-165E-40B1-B618-923D04CC63F0}.Debug|x64.ActiveCfg = Debug|x64
		{49E2D21A-165E-40B1-B618-923D04CC63F0}.Debug|x64.Build.0 = Debug|x64
		{49E2D21A-165E-40B1-B618-923D04CC63F0}.Debug|x86.ActiveCfg = Debug|Any CPU
		{49E2D21A-165E-40B1-B618-923D04CC63F0}.Debug|x86.Build.0 = Debug|Any CPU
		{49E2D21A-165E-40B1-B618-923D04CC63F0}.Release|Any CPU.ActiveCfg = Release|Any CPU
		{49E2D21A-165E-40B1-B618-923D04CC63F0}.Release|Any CPU.Build.0 = Release|Any CPU
		{49E2D21A-165E-40B1-B618-923D04CC63F0}.Release|x64.ActiveCfg = Release|x64
		{49E2D21A-165E-40B1-B618-923D04CC63F0}.Release|x64.Build.0 = Release|x64
		{49E2D21A-165E-40B1-B618-923D04CC63F0}.Release|x86.ActiveCfg = Release|Any CPU
		{49E2D21A-165E-40B1-B618-923D04CC63F0}.Release|x86.Build.0 = Release|Any CPU
		{A9B2A4B9-6475-4200-911F-AE9D5E317B06}.Debug|Any CPU.ActiveCfg = Debug|Any CPU
		{A9B2A4B9-6475-4200-911F-AE9D5E317B06}.Debug|Any CPU.Build.0 = Debug|Any CPU
		{A9B2A4B9-6475-4200-911F-AE9D5E317B06}.Debug|x64.ActiveCfg = Debug|Any CPU
		{A9B2A4B9-6475-4200-911F-AE9D5E317B06}.Debug|x64.Build.0 = Debug|Any CPU
		{A9B2A4B9-6475-4200-911F-AE9D5E317B06}.Debug|x86.ActiveCfg = Debug|Any CPU
		{A9B2A4B9-6475-4200-911F-AE9D5E317B06}.Debug|x86.Build.0 = Debug|Any CPU
		{A9B2A4B9-6475-4200-911F-AE9D5E317B06}.Release|Any CPU.ActiveCfg = Release|Any CPU
		{A9B2A4B9-6475-4200-911F-AE9D5E317B06}.Release|Any CPU.Build.0 = Release|Any CPU
		{A9B2A4B9-6475-4200-911F-AE9D5E317B06}.Release|x64.ActiveCfg = Release|Any CPU
		{A9B2A4B9-6475-4200-911F-AE9D5E317B06}.Release|x64.Build.0 = Release|Any CPU
		{A9B2A4B9-6475-4200-911F-AE9D5E317B06}.Release|x86.ActiveCfg = Release|Any CPU
		{A9B2A4B9-6475-4200-911F-AE9D5E317B06}.Release|x86.Build.0 = Release|Any CPU
		{1BB7A0DD-FA44-4AB4-B9EB-352DE6C54939}.Debug|Any CPU.ActiveCfg = Debug|Any CPU
		{1BB7A0DD-FA44-4AB4-B9EB-352DE6C54939}.Debug|Any CPU.Build.0 = Debug|Any CPU
		{1BB7A0DD-FA44-4AB4-B9EB-352DE6C54939}.Debug|x64.ActiveCfg = Debug|Any CPU
		{1BB7A0DD-FA44-4AB4-B9EB-352DE6C54939}.Debug|x64.Build.0 = Debug|Any CPU
		{1BB7A0DD-FA44-4AB4-B9EB-352DE6C54939}.Debug|x86.ActiveCfg = Debug|Any CPU
		{1BB7A0DD-FA44-4AB4-B9EB-352DE6C54939}.Debug|x86.Build.0 = Debug|Any CPU
		{1BB7A0DD-FA44-4AB4-B9EB-352DE6C54939}.Release|Any CPU.ActiveCfg = Release|Any CPU
		{1BB7A0DD-FA44-4AB4-B9EB-352DE6C54939}.Release|Any CPU.Build.0 = Release|Any CPU
		{1BB7A0DD-FA44-4AB4-B9EB-352DE6C54939}.Release|x64.ActiveCfg = Release|Any CPU
		{1BB7A0DD-FA44-4AB4-B9EB-352DE6C54939}.Release|x64.Build.0 = Release|Any CPU
		{1BB7A0DD-FA44-4AB4-B9EB-352DE6C54939}.Release|x86.ActiveCfg = Release|Any CPU
		{1BB7A0DD-FA44-4AB4-B9EB-352DE6C54939}.Release|x86.Build.0 = Release|Any CPU
		{B5801AAF-EA91-404C-BDC9-5D75389DA5C4}.Debug|Any CPU.ActiveCfg = Debug|Win32
		{B5801AAF-EA91-404C-BDC9-5D75389DA5C4}.Debug|Any CPU.Build.0 = Debug|Win32
		{B5801AAF-EA91-404C-BDC9-5D75389DA5C4}.Debug|x64.ActiveCfg = Debug|x64
		{B5801AAF-EA91-404C-BDC9-5D75389DA5C4}.Debug|x64.Build.0 = Debug|x64
		{B5801AAF-EA91-404C-BDC9-5D75389DA5C4}.Debug|x86.ActiveCfg = Debug|Win32
		{B5801AAF-EA91-404C-BDC9-5D75389DA5C4}.Debug|x86.Build.0 = Debug|Win32
		{B5801AAF-EA91-404C-BDC9-5D75389DA5C4}.Release|Any CPU.ActiveCfg = Release|Win32
		{B5801AAF-EA91-404C-BDC9-5D75389DA5C4}.Release|x64.ActiveCfg = Release|x64
		{B5801AAF-EA91-404C-BDC9-5D75389DA5C4}.Release|x64.Build.0 = Release|x64
		{B5801AAF-EA91-404C-BDC9-5D75389DA5C4}.Release|x86.ActiveCfg = Release|Win32
		{B5801AAF-EA91-404C-BDC9-5D75389DA5C4}.Release|x86.Build.0 = Release|Win32
		{AB2A39DF-B3EC-4F9C-9D70-89AAD352A8DE}.Debug|Any CPU.ActiveCfg = Debug|Win32
		{AB2A39DF-B3EC-4F9C-9D70-89AAD352A8DE}.Debug|x64.ActiveCfg = Debug|x64
		{AB2A39DF-B3EC-4F9C-9D70-89AAD352A8DE}.Debug|x64.Build.0 = Debug|x64
		{AB2A39DF-B3EC-4F9C-9D70-89AAD352A8DE}.Debug|x86.ActiveCfg = Debug|Win32
		{AB2A39DF-B3EC-4F9C-9D70-89AAD352A8DE}.Debug|x86.Build.0 = Debug|Win32
		{AB2A39DF-B3EC-4F9C-9D70-89AAD352A8DE}.Release|Any CPU.ActiveCfg = Release|Win32
		{AB2A39DF-B3EC-4F9C-9D70-89AAD352A8DE}.Release|x64.ActiveCfg = Release|x64
		{AB2A39DF-B3EC-4F9C-9D70-89AAD352A8DE}.Release|x64.Build.0 = Release|x64
		{AB2A39DF-B3EC-4F9C-9D70-89AAD352A8DE}.Release|x86.ActiveCfg = Release|Win32
		{AB2A39DF-B3EC-4F9C-9D70-89AAD352A8DE}.Release|x86.Build.0 = Release|Win32
		{625880DA-4C30-497A-B4D3-033F67614E8C}.Debug|Any CPU.ActiveCfg = Debug|Win32
		{625880DA-4C30-497A-B4D3-033F67614E8C}.Debug|x64.ActiveCfg = Debug|x64
		{625880DA-4C30-497A-B4D3-033F67614E8C}.Debug|x64.Build.0 = Debug|x64
		{625880DA-4C30-497A-B4D3-033F67614E8C}.Debug|x86.ActiveCfg = Debug|Win32
		{625880DA-4C30-497A-B4D3-033F67614E8C}.Debug|x86.Build.0 = Debug|Win32
		{625880DA-4C30-497A-B4D3-033F67614E8C}.Release|Any CPU.ActiveCfg = Release|Win32
		{625880DA-4C30-497A-B4D3-033F67614E8C}.Release|x64.ActiveCfg = Release|x64
		{625880DA-4C30-497A-B4D3-033F67614E8C}.Release|x64.Build.0 = Release|x64
		{625880DA-4C30-497A-B4D3-033F67614E8C}.Release|x86.ActiveCfg = Release|Win32
		{625880DA-4C30-497A-B4D3-033F67614E8C}.Release|x86.Build.0 = Release|Win32
	EndGlobalSection
	GlobalSection(SolutionProperties) = preSolution
		HideSolutionNode = FALSE
	EndGlobalSection
	GlobalSection(ExtensibilityGlobals) = postSolution
		SolutionGuid = {A2252AF3-777F-446A-A80E-3356E6600F42}
	EndGlobalSection
EndGlobal
